{
  "version": 4,
  "terraform_version": "1.2.5",
  "serial": 19,
  "lineage": "76246c4b-4048-debf-8468-5785393d365a",
  "outputs": {},
  "resources": [
    {
      "mode": "managed",
      "type": "google_compute_network",
      "name": "vpc_network",
      "provider": "provider[\"registry.terraform.io/hashicorp/google\"]",
      "instances": [
        {
          "schema_version": 0,
          "attributes": {
            "auto_create_subnetworks": false,
            "delete_default_routes_on_create": false,
            "description": "",
            "enable_ula_internal_ipv6": false,
            "gateway_ipv4": "",
            "id": "projects/binary-test-1/global/networks/binathu-gke-use",
            "internal_ipv6_range": "",
            "mtu": 1460,
            "name": "binathu-gke-use",
            "project": "binary-test-1",
            "routing_mode": "REGIONAL",
            "self_link": "https://www.googleapis.com/compute/v1/projects/binary-test-1/global/networks/binathu-gke-use",
            "timeouts": null
          },
          "sensitive_attributes": [],
          "private": "eyJlMmJmYjczMC1lY2FhLTExZTYtOGY4OC0zNDM2M2JjN2M0YzAiOnsiY3JlYXRlIjoxMjAwMDAwMDAwMDAwLCJkZWxldGUiOjEyMDAwMDAwMDAwMDAsInVwZGF0ZSI6MTIwMDAwMDAwMDAwMH19"
        }
      ]
    },
    {
      "mode": "managed",
      "type": "google_compute_subnetwork",
      "name": "custom_subnet",
      "provider": "provider[\"registry.terraform.io/hashicorp/google\"]",
      "instances": [
        {
          "schema_version": 0,
          "attributes": {
            "creation_timestamp": "2022-07-27T21:42:00.840-07:00",
            "description": "",
            "external_ipv6_prefix": "",
            "fingerprint": null,
            "gateway_address": "10.0.0.1",
            "id": "projects/binary-test-1/regions/europe-west2/subnetworks/gke-use",
            "ip_cidr_range": "10.0.0.0/17",
            "ipv6_access_type": "",
            "ipv6_cidr_range": "",
            "log_config": [],
            "name": "gke-use",
            "network": "https://www.googleapis.com/compute/v1/projects/binary-test-1/global/networks/binathu-gke-use",
            "private_ip_google_access": false,
            "private_ipv6_google_access": "DISABLE_GOOGLE_ACCESS",
            "project": "binary-test-1",
            "purpose": "PRIVATE",
            "region": "europe-west2",
            "role": "",
            "secondary_ip_range": [
              {
                "ip_cidr_range": "10.21.0.0/17",
                "range_name": "prod-pods-range"
              },
              {
                "ip_cidr_range": "10.21.128.0/22",
                "range_name": "prod-svc-range"
              },
              {
                "ip_cidr_range": "10.78.0.0/17",
                "range_name": "stg-pods-range"
              },
              {
                "ip_cidr_range": "10.78.128.0/22",
                "range_name": "stg-svc-range"
              }
            ],
            "self_link": "https://www.googleapis.com/compute/v1/projects/binary-test-1/regions/europe-west2/subnetworks/gke-use",
            "stack_type": "IPV4_ONLY",
            "timeouts": null
          },
          "sensitive_attributes": [],
          "private": "eyJlMmJmYjczMC1lY2FhLTExZTYtOGY4OC0zNDM2M2JjN2M0YzAiOnsiY3JlYXRlIjoxMjAwMDAwMDAwMDAwLCJkZWxldGUiOjEyMDAwMDAwMDAwMDAsInVwZGF0ZSI6MTIwMDAwMDAwMDAwMH19",
          "dependencies": [
            "google_compute_network.vpc_network"
          ]
        }
      ]
    },
    {
      "mode": "managed",
      "type": "google_container_cluster",
      "name": "production",
      "provider": "provider[\"registry.terraform.io/hashicorp/google\"]",
      "instances": [
        {
          "schema_version": 1,
          "attributes": {
            "addons_config": [
              {
                "cloudrun_config": [],
                "dns_cache_config": [],
                "gce_persistent_disk_csi_driver_config": [
                  {
                    "enabled": true
                  }
                ],
                "gcp_filestore_csi_driver_config": [],
                "horizontal_pod_autoscaling": [],
                "http_load_balancing": [],
                "network_policy_config": [
                  {
                    "disabled": true
                  }
                ]
              }
            ],
            "authenticator_groups_config": [],
            "binary_authorization": [],
            "cluster_autoscaling": [
              {
                "auto_provisioning_defaults": [],
                "enabled": false,
                "resource_limits": []
              }
            ],
            "cluster_ipv4_cidr": "10.4.0.0/14",
            "confidential_nodes": [],
            "database_encryption": [
              {
                "key_name": "",
                "state": "DECRYPTED"
              }
            ],
            "datapath_provider": "",
            "default_max_pods_per_node": null,
            "default_snat_status": [
              {
                "disabled": false
              }
            ],
            "description": "",
            "dns_config": [],
            "enable_autopilot": false,
            "enable_binary_authorization": true,
            "enable_intranode_visibility": false,
            "enable_kubernetes_alpha": false,
            "enable_legacy_abac": false,
            "enable_shielded_nodes": true,
            "enable_tpu": false,
            "endpoint": "35.189.106.135",
            "id": "projects/binary-test-1/locations/europe-west2/clusters/prod-cluster",
            "initial_node_count": 1,
            "ip_allocation_policy": [],
            "label_fingerprint": "a9dc16a7",
            "location": "europe-west2",
            "logging_config": [
              {
                "enable_components": [
                  "SYSTEM_COMPONENTS",
                  "WORKLOADS"
                ]
              }
            ],
            "logging_service": "logging.googleapis.com/kubernetes",
            "maintenance_policy": [],
            "master_auth": [
              {
                "client_certificate": "",
                "client_certificate_config": [
                  {
                    "issue_client_certificate": false
                  }
                ],
                "client_key": "",
                "cluster_ca_certificate": "LS0tLS1CRUdJTiBDRVJUSUZJQ0FURS0tLS0tCk1JSUVMVENDQXBXZ0F3SUJBZ0lSQU1FTnVCc1VQazY2SDRvOE9rdzN4YWt3RFFZSktvWklodmNOQVFFTEJRQXcKTHpFdE1Dc0dBMVVFQXhNa09UQTFOR1UzT1dZdE4yRm1OUzAwTlRnM0xXRXdNREF0TnpJMlkyVmhNVEJtTm1GbApNQ0FYRFRJeU1EY3lPREF6TkRFeU9Wb1lEekl3TlRJd056SXdNRFEwTVRJNVdqQXZNUzB3S3dZRFZRUURFeVE1Ck1EVTBaVGM1WmkwM1lXWTFMVFExT0RjdFlUQXdNQzAzTWpaalpXRXhNR1kyWVdVd2dnR2lNQTBHQ1NxR1NJYjMKRFFFQkFRVUFBNElCandBd2dnR0tBb0lCZ1FDemVZMnZaRzM2VzV4YnlNeitEY0RlZ2ZzejRvdnltb3N2elJPQgpLT1FmWEkrbUpPMWhpUDRYV0o3QjV0RXJ0RGMrTWt4cjI1Y2FoN3NMcU4wdDBmd0xZSEcrYVQrRlhIczFUM3p6ClNydWI5bDVMYVJ4QnFnV0I4K2hEaFc3TVhPT0ROcEI5dGtLVnd3Qnl6OVUyeWRsNFl5dlV5bWpOQlE3QVJFVmwKM0lTSTFMUitJMFRYSFY1T3dUTUwxU1FKeko4MGFsQzVUc2lhT3V4Rk50cWE1US9sQlc3bGJaT3Byd2ZkdTE2WAo5UXZvQXIrUkZMUmNuMTZvY0pmMkpiZlRkQ1RPZ1RCc3lVajFYekVSUzRMM2VhNUIvZTh5Q0VmbEFoRFVCUTZ2CnRSMXM3bVJjdGhwY3lFTVFjU2JPOEdCdDIxMmlEWlRDWm5teDZPK2JnZHU0Q01WZEk3Slpna3M3V2Zqd2lHcjMKVVpMbTRyWkNRdEs0Q05lTjRkTEhJRHZzWXVoSUtodW1DUUFWZDJFck51QW95eVdwUWUvQWZZYzFGRjV4cmkwUgpTMVFiaklvUDhES1gzT0xHSy9nYTV2VjFVVEdhMkgzVmorMkZwdFN0ZGFRL1gySWpTUzY5M2x6cTY2eHRyUFpLCjhuRVlHTG8zdDNaZXRkZ3pNTk1EOEV4UGZ3MENBd0VBQWFOQ01FQXdEZ1lEVlIwUEFRSC9CQVFEQWdJRU1BOEcKQTFVZEV3RUIvd1FGTUFNQkFmOHdIUVlEVlIwT0JCWUVGUGtBRm1tSXh3Z2NwZnNHQ2NPVDl6bTZsK1owTUEwRwpDU3FHU0liM0RRRUJDd1VBQTRJQmdRQmtWR0xpNUpEY0d5MnNQWnZHNmwzWXhrR2ZMRHhrblVCTXdTUVRsV2FXCi9NRml1dlJML3lUNU90SE9Ub0JGd2szd2RWbmJQMXJ4amloRklYbVNWdTJQclA0K3FnWUhjZlRZMUlYdEd0MloKckdRd01wT1VnUmR6RUtPMkhrc1RsUUkybGg2OG1IVUc4MWVtaG82bUczYlpQenJLTURramdFSG9yOXZ1VlR4SAorT2dCU25lcUNuMitEY1dRMFAxVEJHNVdnUW5kRkx3Q2ErME5uckZ5cVprQnZLMVlQYzFDaEw0bzBuTEFhSWNQCldKVkN3cmlGdWgzTjRvUWpRakhTaWt0clphUWYzN0IxZVMzRG96Vk9XQXZLOGttVWRKQzBMWW9wblVmeWhOKzMKR2ZJeTJ6TTROdHMwcUVtVmhpZ1dVY0tSRXVxTHFpZjhMQ1h5M0RnVXZPUnFHY3lGT1VCUXZiQmFwUVVuTUdUcQpkUldPendoSUtUK0xlUXdkSEd4VkVualhqR00vZ3ZEVXBLTDEyMWFVL0xFZCs4eXFZNGJCLzVMYVlRVUlERUY3CkJxa0pyMmxzVnlITm1rdS91NGdIdEVLOXdzeVpyT2dyZUUyRkp0R0F5amMrV0N1YXpOZVJsTEY1dHF4OTZjMU0KaUZUVDlSaGRCZXZ6dE1hYldTZ3Y5eUE9Ci0tLS0tRU5EIENFUlRJRklDQVRFLS0tLS0K"
              }
            ],
            "master_authorized_networks_config": [],
            "master_version": "1.22.8-gke.202",
            "min_master_version": null,
            "monitoring_config": [
              {
                "enable_components": [
                  "SYSTEM_COMPONENTS"
                ]
              }
            ],
            "monitoring_service": "monitoring.googleapis.com/kubernetes",
            "name": "prod-cluster",
            "network": "projects/binary-test-1/global/networks/default",
            "network_policy": [
              {
                "enabled": false,
                "provider": "PROVIDER_UNSPECIFIED"
              }
            ],
            "networking_mode": "ROUTES",
            "node_config": [],
            "node_locations": [
              "europe-west2-a",
              "europe-west2-b",
              "europe-west2-c"
            ],
            "node_pool": [],
            "node_version": "1.22.8-gke.202",
            "notification_config": [
              {
                "pubsub": [
                  {
                    "enabled": false,
                    "topic": ""
                  }
                ]
              }
            ],
            "operation": null,
            "private_cluster_config": [],
            "private_ipv6_google_access": "",
            "project": "binary-test-1",
            "release_channel": [
              {
                "channel": "REGULAR"
              }
            ],
            "remove_default_node_pool": true,
            "resource_labels": null,
            "resource_usage_export_config": [],
            "self_link": "https://container.googleapis.com/v1/projects/binary-test-1/locations/europe-west2/clusters/prod-cluster",
            "services_ipv4_cidr": "10.7.240.0/20",
            "subnetwork": "projects/binary-test-1/regions/europe-west2/subnetworks/default",
            "timeouts": null,
            "tpu_ipv4_cidr_block": "",
            "vertical_pod_autoscaling": [],
            "workload_identity_config": []
          },
          "sensitive_attributes": [],
          "private": "eyJlMmJmYjczMC1lY2FhLTExZTYtOGY4OC0zNDM2M2JjN2M0YzAiOnsiY3JlYXRlIjoyNDAwMDAwMDAwMDAwLCJkZWxldGUiOjI0MDAwMDAwMDAwMDAsInJlYWQiOjI0MDAwMDAwMDAwMDAsInVwZGF0ZSI6MzYwMDAwMDAwMDAwMH0sInNjaGVtYV92ZXJzaW9uIjoiMSJ9"
        }
      ]
    },
    {
      "mode": "managed",
      "type": "google_container_cluster",
      "name": "staging",
      "provider": "provider[\"registry.terraform.io/hashicorp/google\"]",
      "instances": [
        {
          "schema_version": 1,
          "attributes": {
            "addons_config": [
              {
                "cloudrun_config": [],
                "dns_cache_config": [],
                "gce_persistent_disk_csi_driver_config": [
                  {
                    "enabled": true
                  }
                ],
                "gcp_filestore_csi_driver_config": [],
                "horizontal_pod_autoscaling": [],
                "http_load_balancing": [],
                "network_policy_config": [
                  {
                    "disabled": true
                  }
                ]
              }
            ],
            "authenticator_groups_config": [],
            "binary_authorization": [],
            "cluster_autoscaling": [
              {
                "auto_provisioning_defaults": [],
                "enabled": false,
                "resource_limits": []
              }
            ],
            "cluster_ipv4_cidr": "10.0.0.0/14",
            "confidential_nodes": [],
            "database_encryption": [
              {
                "key_name": "",
                "state": "DECRYPTED"
              }
            ],
            "datapath_provider": "",
            "default_max_pods_per_node": null,
            "default_snat_status": [
              {
                "disabled": false
              }
            ],
            "description": "",
            "dns_config": [],
            "enable_autopilot": false,
            "enable_binary_authorization": true,
            "enable_intranode_visibility": false,
            "enable_kubernetes_alpha": false,
            "enable_legacy_abac": false,
            "enable_shielded_nodes": true,
            "enable_tpu": false,
            "endpoint": "34.89.59.53",
            "id": "projects/binary-test-1/locations/europe-west2/clusters/staging-cluster",
            "initial_node_count": 1,
            "ip_allocation_policy": [],
            "label_fingerprint": "a9dc16a7",
            "location": "europe-west2",
            "logging_config": [
              {
                "enable_components": [
                  "SYSTEM_COMPONENTS",
                  "WORKLOADS"
                ]
              }
            ],
            "logging_service": "logging.googleapis.com/kubernetes",
            "maintenance_policy": [],
            "master_auth": [
              {
                "client_certificate": "",
                "client_certificate_config": [
                  {
                    "issue_client_certificate": false
                  }
                ],
                "client_key": "",
                "cluster_ca_certificate": "LS0tLS1CRUdJTiBDRVJUSUZJQ0FURS0tLS0tCk1JSUVMVENDQXBXZ0F3SUJBZ0lSQUt0U2Q3enhaTzdLbEwra3Z4MnRlMmt3RFFZSktvWklodmNOQVFFTEJRQXcKTHpFdE1Dc0dBMVVFQXhNa016TXdOekF5Wm1FdE9UUTJNQzAwTTJRekxUa3lObVF0WTJFd04yTXhOVFl4WmpCaQpNQ0FYRFRJeU1EY3lPREF6TkRFeU9Wb1lEekl3TlRJd056SXdNRFEwTVRJNVdqQXZNUzB3S3dZRFZRUURFeVF6Ck16QTNNREptWVMwNU5EWXdMVFF6WkRNdE9USTJaQzFqWVRBM1l6RTFOakZtTUdJd2dnR2lNQTBHQ1NxR1NJYjMKRFFFQkFRVUFBNElCandBd2dnR0tBb0lCZ1FDMkpHQndEVGVJYk5vM3YyTmwzYkkxUjU3K2t3b2REWnNDWGpUbApSazF3L2tySnVYeURpaVc1VHZvL0F5cll3TGpQaStyTkhEeUxaZjY0TEJzYm5kVTlvNE1sWXY1OWMyb3lSTkFrCm5XVnpVaStCS2c1aDl2VGUrWHdWUHBwdmRMbHc0NG4wbElsSlB5YnZOTFZUOUZ3WVJsNm5wNGtFMlh0M0Z2NkkKNmZET3VFSHNPMks2Q1BNcFc5YUFmQlNLWjAzMkZXUkgwZWFzYy9xVHpzeUhHRzdxVHBnVDRYYmwvTzMrMEkrQgpVeGExRjVJZ2pNc2JDenNyVkRyZzRUWUFlbEQwT2M5cG9nUllUZVpHVGJubGtOeDVEeW5pK3VhakNuSkFoQjYxCnZ2b21UWjEzZThBNjBUcXlVZzRSWWpsdldKR3BjR0RXOXBScWRnejNnNnJwZ0JTNEE5RHhtTVpFMk1PdHBLVU8KaVZIN0N3TVZzMUw2Zk02ajRxek5LeVVvY283OHBabUREenVXM0hoZWpvZ1ZDR1FDSjBOeW9HK0F2dFRUS1RFdApvZE53aXI5c0N1K1hkdG9jZ0Y2VWF5R3FHOG9rOUM4RVRCL0luaU9meUpvSEs0dFZmQ3h5YjlWOUFRM0IyeUVSClZZZFg4ZUNIVktXSml4M3F5OTNoSk42ZXNlY0NBd0VBQWFOQ01FQXdEZ1lEVlIwUEFRSC9CQVFEQWdJRU1BOEcKQTFVZEV3RUIvd1FGTUFNQkFmOHdIUVlEVlIwT0JCWUVGTzdzaDhIRFgyRXRoNWhxalpCazFuUlVZc0xNTUEwRwpDU3FHU0liM0RRRUJDd1VBQTRJQmdRQXJsVE5ic202SDJ4c3lqNzBxQytMZHFmekdyQk04K21iOUQrVjlIMEV0ClFZb3hpMUp5TE5iQWtlM0FxTWVQNlh4MEszODBTU1FwcTZ1ZlBlVDJKcUpEY1g2VDlkRE1TUlllZ1RIaHRpNFYKR2sxQmdvNXc0OUJqMWZFNHJudHZPTWQyWE9rZGpqRXBISWVrM0I1aldCOUpyVFUwM0w0SVdHaStZVFFxNEE1eAo4eUt0NVdjM1BVTEM1dXNPcGJHcWhzOWxtSVRlUU5pbldudjhaenFQL2NuV2N4VXR1Ujg0amFGNkQ0bkdSOWsvCk1nbmxiMWJoZEhPU0xqRWtNcHlrL0tha1I3aVJ2RkFnWHBnOVlpQ0xSNjRuSUhUKzNYd1M2b0VnbUw3eVQ4YkwKK1FCN1Rnbk9qemx6UENwY25oSm9YUkErNTd2NHNSNHFGYzhBVEEvUTlvWUk3RXZGeEZHR2dQOWhqdEcyc2J2YwpRS0xuTFhyd1lKTHF3Z29jZjRoMzl4OFFQb01PN05POWo4VmVNRnpibU91YjRpY3lEVVVRVFYwQlNtVkxwN2hnCjFwMXg1bVV6eHZDMUVoZllFalVkZ2ptQzJVWVI1OWpqbHZDMm9hMitJUjRlSW9wcjZKSGY2elhXWEFSdU1iSkQKUFJmVDJidEFYUDVXQmRTR2RUQzNCeVU9Ci0tLS0tRU5EIENFUlRJRklDQVRFLS0tLS0K"
              }
            ],
            "master_authorized_networks_config": [],
            "master_version": "1.22.8-gke.202",
            "min_master_version": null,
            "monitoring_config": [
              {
                "enable_components": [
                  "SYSTEM_COMPONENTS"
                ]
              }
            ],
            "monitoring_service": "monitoring.googleapis.com/kubernetes",
            "name": "staging-cluster",
            "network": "projects/binary-test-1/global/networks/default",
            "network_policy": [
              {
                "enabled": false,
                "provider": "PROVIDER_UNSPECIFIED"
              }
            ],
            "networking_mode": "ROUTES",
            "node_config": [],
            "node_locations": [
              "europe-west2-a",
              "europe-west2-b",
              "europe-west2-c"
            ],
            "node_pool": [],
            "node_version": "1.22.8-gke.202",
            "notification_config": [
              {
                "pubsub": [
                  {
                    "enabled": false,
                    "topic": ""
                  }
                ]
              }
            ],
            "operation": null,
            "private_cluster_config": [],
            "private_ipv6_google_access": "",
            "project": "binary-test-1",
            "release_channel": [
              {
                "channel": "REGULAR"
              }
            ],
            "remove_default_node_pool": true,
            "resource_labels": null,
            "resource_usage_export_config": [],
            "self_link": "https://container.googleapis.com/v1/projects/binary-test-1/locations/europe-west2/clusters/staging-cluster",
            "services_ipv4_cidr": "10.3.240.0/20",
            "subnetwork": "projects/binary-test-1/regions/europe-west2/subnetworks/default",
            "timeouts": null,
            "tpu_ipv4_cidr_block": "",
            "vertical_pod_autoscaling": [],
            "workload_identity_config": []
          },
          "sensitive_attributes": [],
          "private": "eyJlMmJmYjczMC1lY2FhLTExZTYtOGY4OC0zNDM2M2JjN2M0YzAiOnsiY3JlYXRlIjoyNDAwMDAwMDAwMDAwLCJkZWxldGUiOjI0MDAwMDAwMDAwMDAsInJlYWQiOjI0MDAwMDAwMDAwMDAsInVwZGF0ZSI6MzYwMDAwMDAwMDAwMH0sInNjaGVtYV92ZXJzaW9uIjoiMSJ9"
        }
      ]
    },
    {
      "mode": "managed",
      "type": "google_container_node_pool",
      "name": "production_preemptible_nodes",
      "provider": "provider[\"registry.terraform.io/hashicorp/google\"]",
      "instances": [
        {
          "schema_version": 1,
          "attributes": {
            "autoscaling": [],
            "cluster": "prod-cluster",
            "id": "projects/binary-test-1/locations/europe-west2/clusters/prod-cluster/nodePools/my-node-pool-4",
            "initial_node_count": 1,
            "instance_group_urls": [
              "https://www.googleapis.com/compute/v1/projects/binary-test-1/zones/europe-west2-b/instanceGroupManagers/gke-prod-cluster-my-node-pool-4-fc3f2de1-grp",
              "https://www.googleapis.com/compute/v1/projects/binary-test-1/zones/europe-west2-c/instanceGroupManagers/gke-prod-cluster-my-node-pool-4-18a8caa8-grp",
              "https://www.googleapis.com/compute/v1/projects/binary-test-1/zones/europe-west2-a/instanceGroupManagers/gke-prod-cluster-my-node-pool-4-dff65ab2-grp"
            ],
            "location": "europe-west2",
            "managed_instance_group_urls": [
              "https://www.googleapis.com/compute/v1/projects/binary-test-1/zones/europe-west2-b/instanceGroups/gke-prod-cluster-my-node-pool-4-fc3f2de1-grp",
              "https://www.googleapis.com/compute/v1/projects/binary-test-1/zones/europe-west2-c/instanceGroups/gke-prod-cluster-my-node-pool-4-18a8caa8-grp",
              "https://www.googleapis.com/compute/v1/projects/binary-test-1/zones/europe-west2-a/instanceGroups/gke-prod-cluster-my-node-pool-4-dff65ab2-grp"
            ],
            "management": [
              {
                "auto_repair": true,
                "auto_upgrade": true
              }
            ],
            "max_pods_per_node": null,
            "name": "my-node-pool-4",
            "name_prefix": "",
            "node_config": [
              {
                "boot_disk_kms_key": "",
                "disk_size_gb": 100,
                "disk_type": "pd-standard",
                "gcfs_config": [],
                "guest_accelerator": [],
                "gvnic": [],
                "image_type": "COS_CONTAINERD",
                "labels": {},
                "local_ssd_count": 0,
                "machine_type": "n1-standard-1",
                "metadata": {
                  "disable-legacy-endpoints": "true"
                },
                "min_cpu_platform": "",
                "node_group": "",
                "oauth_scopes": [
                  "https://www.googleapis.com/auth/cloud-platform"
                ],
                "preemptible": true,
                "service_account": "service-account-id@binary-test-1.iam.gserviceaccount.com",
                "shielded_instance_config": [
                  {
                    "enable_integrity_monitoring": true,
                    "enable_secure_boot": false
                  }
                ],
                "spot": false,
                "tags": null,
                "taint": [],
                "workload_metadata_config": []
              }
            ],
            "node_count": 1,
            "node_locations": [
              "europe-west2-a",
              "europe-west2-b",
              "europe-west2-c"
            ],
            "operation": null,
            "project": "binary-test-1",
            "timeouts": null,
            "upgrade_settings": [
              {
                "max_surge": 1,
                "max_unavailable": 0
              }
            ],
            "version": "1.22.8-gke.202"
          },
          "sensitive_attributes": [],
          "private": "eyJlMmJmYjczMC1lY2FhLTExZTYtOGY4OC0zNDM2M2JjN2M0YzAiOnsiY3JlYXRlIjoxODAwMDAwMDAwMDAwLCJkZWxldGUiOjE4MDAwMDAwMDAwMDAsInVwZGF0ZSI6MTgwMDAwMDAwMDAwMH0sInNjaGVtYV92ZXJzaW9uIjoiMSJ9",
          "dependencies": [
            "google_container_cluster.production",
            "google_service_account.default"
          ]
        }
      ]
    },
    {
      "mode": "managed",
      "type": "google_container_node_pool",
      "name": "staging_preemptible_nodes",
      "provider": "provider[\"registry.terraform.io/hashicorp/google\"]",
      "instances": [
        {
          "schema_version": 1,
          "attributes": {
            "autoscaling": [],
            "cluster": "staging-cluster",
            "id": "projects/binary-test-1/locations/europe-west2/clusters/staging-cluster/nodePools/my-node-pool-3",
            "initial_node_count": 1,
            "instance_group_urls": [
              "https://www.googleapis.com/compute/v1/projects/binary-test-1/zones/europe-west2-a/instanceGroupManagers/gke-staging-cluster-my-node-pool-3-65153c48-grp",
              "https://www.googleapis.com/compute/v1/projects/binary-test-1/zones/europe-west2-c/instanceGroupManagers/gke-staging-cluster-my-node-pool-3-9b4993ba-grp",
              "https://www.googleapis.com/compute/v1/projects/binary-test-1/zones/europe-west2-b/instanceGroupManagers/gke-staging-cluster-my-node-pool-3-d906551f-grp"
            ],
            "location": "europe-west2",
            "managed_instance_group_urls": [
              "https://www.googleapis.com/compute/v1/projects/binary-test-1/zones/europe-west2-a/instanceGroups/gke-staging-cluster-my-node-pool-3-65153c48-grp",
              "https://www.googleapis.com/compute/v1/projects/binary-test-1/zones/europe-west2-c/instanceGroups/gke-staging-cluster-my-node-pool-3-9b4993ba-grp",
              "https://www.googleapis.com/compute/v1/projects/binary-test-1/zones/europe-west2-b/instanceGroups/gke-staging-cluster-my-node-pool-3-d906551f-grp"
            ],
            "management": [
              {
                "auto_repair": true,
                "auto_upgrade": true
              }
            ],
            "max_pods_per_node": null,
            "name": "my-node-pool-3",
            "name_prefix": "",
            "node_config": [
              {
                "boot_disk_kms_key": "",
                "disk_size_gb": 100,
                "disk_type": "pd-standard",
                "gcfs_config": [],
                "guest_accelerator": [],
                "gvnic": [],
                "image_type": "COS_CONTAINERD",
                "labels": {},
                "local_ssd_count": 0,
                "machine_type": "n1-standard-1",
                "metadata": {
                  "disable-legacy-endpoints": "true"
                },
                "min_cpu_platform": "",
                "node_group": "",
                "oauth_scopes": [
                  "https://www.googleapis.com/auth/cloud-platform"
                ],
                "preemptible": true,
                "service_account": "service-account-id@binary-test-1.iam.gserviceaccount.com",
                "shielded_instance_config": [
                  {
                    "enable_integrity_monitoring": true,
                    "enable_secure_boot": false
                  }
                ],
                "spot": false,
                "tags": null,
                "taint": [],
                "workload_metadata_config": []
              }
            ],
            "node_count": 1,
            "node_locations": [
              "europe-west2-a",
              "europe-west2-b",
              "europe-west2-c"
            ],
            "operation": null,
            "project": "binary-test-1",
            "timeouts": null,
            "upgrade_settings": [
              {
                "max_surge": 1,
                "max_unavailable": 0
              }
            ],
            "version": "1.22.8-gke.202"
          },
          "sensitive_attributes": [],
          "private": "eyJlMmJmYjczMC1lY2FhLTExZTYtOGY4OC0zNDM2M2JjN2M0YzAiOnsiY3JlYXRlIjoxODAwMDAwMDAwMDAwLCJkZWxldGUiOjE4MDAwMDAwMDAwMDAsInVwZGF0ZSI6MTgwMDAwMDAwMDAwMH0sInNjaGVtYV92ZXJzaW9uIjoiMSJ9",
          "dependencies": [
            "google_container_cluster.staging",
            "google_service_account.default"
          ]
        }
      ]
    },
    {
      "mode": "managed",
      "type": "google_service_account",
      "name": "default",
      "provider": "provider[\"registry.terraform.io/hashicorp/google\"]",
      "instances": [
        {
          "schema_version": 0,
          "attributes": {
            "account_id": "service-account-id",
            "description": "",
            "disabled": false,
            "display_name": "Service Account",
            "email": "service-account-id@binary-test-1.iam.gserviceaccount.com",
            "id": "projects/binary-test-1/serviceAccounts/service-account-id@binary-test-1.iam.gserviceaccount.com",
            "name": "projects/binary-test-1/serviceAccounts/service-account-id@binary-test-1.iam.gserviceaccount.com",
            "project": "binary-test-1",
            "timeouts": null,
            "unique_id": "111542841671215911187"
          },
          "sensitive_attributes": [],
          "private": "eyJlMmJmYjczMC1lY2FhLTExZTYtOGY4OC0zNDM2M2JjN2M0YzAiOnsiY3JlYXRlIjozMDAwMDAwMDAwMDB9fQ=="
        }
      ]
    }
  ]
}
